
Microsoft Visual Studio Solution File, Format Version 12.00
# Visual Studio Version 17
VisualStudioVersion = 17.14.37614.0 d17.14
MinimumVisualStudioVersion = 10.0.40219.1
Project("{FAE04EC0-301F-11D3-BF4B-00C04F79EFBC}") = "Painter", "Painter\Painter.csproj", "{46ACF9CF-AC8C-4720-B920-42C3DA77B50D}"
EndProject
Global
	GlobalSection(SolutionConfigurationPlatforms) = preSolution
		Debug|Any CPU = Debug|Any CPU
		Release|Any CPU = Release|Any CPU
	EndGlobalSection
	GlobalSection(ProjectConfigurationPlatforms) = postSolution
		{46ACF9CF-AC8C-4720-B920-42C3DA77B50D}.Debug|Any CPU.ActiveCfg = Debug|Any CPU
		{46ACF9CF-AC8C-4720-B920-42C3DA77B50D}.Debug|Any CPU.Build.0 = Debug|Any CPU
		{46ACF9CF-AC8C-4720-B920-42C3DA77B50D}.Release|Any CPU.ActiveCfg = Release|Any CPU
		{46ACF9CF-AC8C-4720-B920-42C3DA77B50D}.Release|Any CPU.Build.0 = Release|Any CPU
	EndGlobalSection
	GlobalSection(SolutionProperties) = preSolution
		HideSolutionNode = FALSE
	EndGlobalSection
	GlobalSection(ExtensibilityGlobals) = postSolution
		SolutionGuid = {422374F3-22BA-4D3F-89B4-0E25F36CB124}
	EndGlobalSection
EndGlobal
